
Microsoft Visual Studio Solution File, Format Version 12.00
# Visual Studio 14
VisualStudioVersion = 14.0.25420.1
MinimumVisualStudioVersion = 10.0.40219.1
Project("{FAE04EC0-301F-11D3-BF4B-00C04F79EFBC}") = "PipeServer", "PipeServer\PipeServer.csproj", "{420E9171-B758-4A99-AC65-61027825509E}"
EndProject
Project("{FAE04EC0-301F-11D3-BF4B-00C04F79EFBC}") = "Objects", "Objects\Objects.csproj", "{FE10872F-C66D-46EF-BE3E-B984B2E97B92}"
EndProject
Project("{FAE04EC0-301F-11D3-BF4B-00C04F79EFBC}") = "PipeTestClient", "PipeTestClient\PipeTestClient.csproj", "{E10B2BAF-7C96-4A7D-AA5D-71EA079AFA47}"
EndProject
Project("{FAE04EC0-301F-11D3-BF4B-00C04F79EFBC}") = "DeviceReader", "DeviceReader\DeviceReader.csproj", "{308CB02E-5E84-453E-B8A4-9C959D8E01CF}"
EndProject
Global
	GlobalSection(SolutionConfigurationPlatforms) = preSolution
		Debug|Any CPU = Debug|Any CPU
		Release|Any CPU = Release|Any CPU
	EndGlobalSection
	GlobalSection(ProjectConfigurationPlatforms) = postSolution
		{420E9171-B758-4A99-AC65-61027825509E}.Debug|Any CPU.ActiveCfg = Debug|Any CPU
		{420E9171-B758-4A99-AC65-61027825509E}.Debug|Any CPU.Build.0 = Debug|Any CPU
		{420E9171-B758-4A99-AC65-61027825509E}.Release|Any CPU.ActiveCfg = Release|Any CPU
		{420E9171-B758-4A99-AC65-61027825509E}.Release|Any CPU.Build.0 = Release|Any CPU
		{FE10872F-C66D-46EF-BE3E-B984B2E97B92}.Debug|Any CPU.ActiveCfg = Debug|Any CPU
		{FE10872F-C66D-46EF-BE3E-B984B2E97B92}.Debug|Any CPU.Build.0 = Debug|Any CPU
		{FE10872F-C66D-46EF-BE3E-B984B2E97B92}.Release|Any CPU.ActiveCfg = Release|Any CPU
		{FE10872F-C66D-46EF-BE3E-B984B2E97B92}.Release|Any CPU.Build.0 = Release|Any CPU
		{E10B2BAF-7C96-4A7D-AA5D-71EA079AFA47}.Debug|Any CPU.ActiveCfg = Debug|Any CPU
		{E10B2BAF-7C96-4A7D-AA5D-71EA079AFA47}.Debug|Any CPU.Build.0 = Debug|Any CPU
		{E10B2BAF-7C96-4A7D-AA5D-71EA079AFA47}.Release|Any CPU.ActiveCfg = Release|Any CPU
		{E10B2BAF-7C96-4A7D-AA5D-71EA079AFA47}.Release|Any CPU.Build.0 = Release|Any CPU
		{308CB02E-5E84-453E-B8A4-9C959D8E01CF}.Debug|Any CPU.ActiveCfg = Debug|Any CPU
		{308CB02E-5E84-453E-B8A4-9C959D8E01CF}.Debug|Any CPU.Build.0 = Debug|Any CPU
		{308CB02E-5E84-453E-B8A4-9C959D8E01CF}.Release|Any CPU.ActiveCfg = Release|Any CPU
		{308CB02E-5E84-453E-B8A4-9C959D8E01CF}.Release|Any CPU.Build.0 = Release|Any CPU
	EndGlobalSection
	GlobalSection(SolutionProperties) = preSolution
		HideSolutionNode = FALSE
	EndGlobalSection
EndGlobal
